
Microsoft Visual Studio Solution File, Format Version 12.00
# Visual Studio Version 17
VisualStudioVersion = 17.0.31903.59
MinimumVisualStudioVersion = 10.0.40219.1
Project("{2150E333-8FDC-42A3-9474-1A3956D46DE8}") = "src", "src", "{6D622B8B-A3B5-4A66-BA70-67DD2FBC52E0}"
EndProject
Project("{FAE04EC0-301F-11D3-BF4B-00C04F79EFBC}") = "DshWebLauncher", "src\DshWebLauncher\DshWebLauncher.csproj", "{0BFC34F0-01FC-49EE-9FCD-1F34D0495990}"
EndProject
Project("{2150E333-8FDC-42A3-9474-1A3956D46DE8}") = "tests", "tests", "{44F651D1-BB0E-41EA-B9DC-66BBC5C95EDD}"
EndProject
Project("{FAE04EC0-301F-11D3-BF4B-00C04F79EFBC}") = "DshWebLauncher.Tests", "tests\DshWebLauncher.Tests\DshWebLauncher.Tests.csproj", "{D2439A69-3270-4005-9D81-FC4CA82F4F0B}"
EndProject
Global
	GlobalSection(SolutionConfigurationPlatforms) = preSolution
		Debug|Any CPU = Debug|Any CPU
		Release|Any CPU = Release|Any CPU
	EndGlobalSection
	GlobalSection(SolutionProperties) = preSolution
		HideSolutionNode = FALSE
	EndGlobalSection
	GlobalSection(ProjectConfigurationPlatforms) = postSolution
		{0BFC34F0-01FC-49EE-9FCD-1F34D0495990}.Debug|Any CPU.ActiveCfg = Debug|Any CPU
		{0BFC34F0-01FC-49EE-9FCD-1F34D0495990}.Debug|Any CPU.Build.0 = Debug|Any CPU
		{0BFC34F0-01FC-49EE-9FCD-1F34D0495990}.Release|Any CPU.ActiveCfg = Release|Any CPU
		{0BFC34F0-01FC-49EE-9FCD-1F34D0495990}.Release|Any CPU.Build.0 = Release|Any CPU
		{D2439A69-3270-4005-9D81-FC4CA82F4F0B}.Debug|Any CPU.ActiveCfg = Debug|Any CPU
		{D2439A69-3270-4005-9D81-FC4CA82F4F0B}.Debug|Any CPU.Build.0 = Debug|Any CPU
		{D2439A69-3270-4005-9D81-FC4CA82F4F0B}.Release|Any CPU.ActiveCfg = Release|Any CPU
		{D2439A69-3270-4005-9D81-FC4CA82F4F0B}.Release|Any CPU.Build.0 = Release|Any CPU
	EndGlobalSection
	GlobalSection(NestedProjects) = preSolution
		{0BFC34F0-01FC-49EE-9FCD-1F34D0495990} = {6D622B8B-A3B5-4A66-BA70-67DD2FBC52E0}
		{D2439A69-3270-4005-9D81-FC4CA82F4F0B} = {44F651D1-BB0E-41EA-B9DC-66BBC5C95EDD}
	EndGlobalSection
EndGlobal
